
Microsoft Visual Studio Solution File, Format Version 12.00
# Visual Studio Version 16
VisualStudioVersion = 16.0.31025.194
MinimumVisualStudioVersion = 10.0.40219.1
Project("{FAE04EC0-301F-11D3-BF4B-00C04F79EFBC}") = "ActivityMonitorConsole", "ActivityMonitorConsole\ActivityMonitorConsole.csproj", "{A9AA56F5-3637-4FB3-AE38-E5581A336631}"
EndProject
Project("{FAE04EC0-301F-11D3-BF4B-00C04F79EFBC}") = "ActivityMonitorMain", "ActivityMonitorGUI\ActivityMonitorMain.csproj", "{F6C7865F-51D2-4586-BD42-FF107829B571}"
EndProject
Global
	GlobalSection(SolutionConfigurationPlatforms) = preSolution
		Debug|Any CPU = Debug|Any CPU
		Release|Any CPU = Release|Any CPU
	EndGlobalSection
	GlobalSection(ProjectConfigurationPlatforms) = postSolution
		{A9AA56F5-3637-4FB3-AE38-E5581A336631}.Debug|Any CPU.ActiveCfg = Debug|Any CPU
		{A9AA56F5-3637-4FB3-AE38-E5581A336631}.Debug|Any CPU.Build.0 = Debug|Any CPU
		{A9AA56F5-3637-4FB3-AE38-E5581A336631}.Release|Any CPU.ActiveCfg = Release|Any CPU
		{A9AA56F5-3637-4FB3-AE38-E5581A336631}.Release|Any CPU.Build.0 = Release|Any CPU
		{F6C7865F-51D2-4586-BD42-FF107829B571}.Debug|Any CPU.ActiveCfg = Debug|Any CPU
		{F6C7865F-51D2-4586-BD42-FF107829B571}.Debug|Any CPU.Build.0 = Debug|Any CPU
		{F6C7865F-51D2-4586-BD42-FF107829B571}.Release|Any CPU.ActiveCfg = Release|Any CPU
		{F6C7865F-51D2-4586-BD42-FF107829B571}.Release|Any CPU.Build.0 = Release|Any CPU
	EndGlobalSection
	GlobalSection(SolutionProperties) = preSolution
		HideSolutionNode = FALSE
	EndGlobalSection
	GlobalSection(ExtensibilityGlobals) = postSolution
		SolutionGuid = {A48154E1-9819-4B06-ADD5-E6B331DFC850}
	EndGlobalSection
EndGlobal
